
Microsoft Visual Studio Solution File, Format Version 12.00
# Visual Studio 15
VisualStudioVersion = 15.0.27004.2005
MinimumVisualStudioVersion = 10.0.40219.1
Project("{FAE04EC0-301F-11D3-BF4B-00C04F79EFBC}") = "TableOcrExtractor", "TableOcrExtractor\TableOcrExtractor.csproj", "{74340EA0-BE48-4B6A-B96B-69D854D1A7B3}"
EndProject
Project("{2150E333-8FDC-42A3-9474-1A3956D46DE8}") = "ExternalLibraries", "ExternalLibraries", "{06BB8B52-999B-4048-83C9-6C1D8294E8E7}"
EndProject
Project("{2150E333-8FDC-42A3-9474-1A3956D46DE8}") = "GdPicture.Net", "GdPicture.Net", "{7C0B33E4-7B41-4BDB-A532-E876E7BEFC85}"
	ProjectSection(SolutionItems) = preProject
		ExternalLibraries\GdPicture.Net\GdPicture.NET.14.filters.64.dll = ExternalLibraries\GdPicture.Net\GdPicture.NET.14.filters.64.dll
		ExternalLibraries\GdPicture.Net\GdPicture.NET.14.filters.dll = ExternalLibraries\GdPicture.Net\GdPicture.NET.14.filters.dll
		ExternalLibraries\GdPicture.Net\GdPicture.NET.14.image.gdimgplug.64.dll = ExternalLibraries\GdPicture.Net\GdPicture.NET.14.image.gdimgplug.64.dll
		ExternalLibraries\GdPicture.Net\GdPicture.NET.14.image.gdimgplug.dll = ExternalLibraries\GdPicture.Net\GdPicture.NET.14.image.gdimgplug.dll
		ExternalLibraries\GdPicture.Net\GdPicture.NET.14.jbig2.encoder.64.dll = ExternalLibraries\GdPicture.Net\GdPicture.NET.14.jbig2.encoder.64.dll
		ExternalLibraries\GdPicture.Net\GdPicture.NET.14.jbig2.encoder.dll = ExternalLibraries\GdPicture.Net\GdPicture.NET.14.jbig2.encoder.dll
	EndProjectSection
EndProject
Project("{FAE04EC0-301F-11D3-BF4B-00C04F79EFBC}") = "TableOcrExtractor.Imaging", "TableOcrExtractor.Imaging\TableOcrExtractor.Imaging.csproj", "{7E611474-2B35-467A-9BE6-6C8CE9659F81}"
EndProject
Project("{FAE04EC0-301F-11D3-BF4B-00C04F79EFBC}") = "TableOcrExtractor.Controls", "TableOcrExtractor.Controls\TableOcrExtractor.Controls.csproj", "{02137CF2-364A-4A5D-A23D-C1B1E861F515}"
EndProject
Project("{2150E333-8FDC-42A3-9474-1A3956D46DE8}") = "Tests", "Tests", "{84D7AA8F-BD89-4201-9764-E28F61F333A1}"
EndProject
Project("{FAE04EC0-301F-11D3-BF4B-00C04F79EFBC}") = "TableOcrExtractor.Controls.TestsApp", "Tests\TableOcrExtractor.Controls.TestsApp\TableOcrExtractor.Controls.TestsApp.csproj", "{06B1D2BD-BDA4-459A-A5A8-0E8F967F7F46}"
EndProject
Project("{2150E333-8FDC-42A3-9474-1A3956D46DE8}") = "Telerik", "Telerik", "{330E1B0F-6A97-4A40-809D-AEB372B6FF73}"
	ProjectSection(SolutionItems) = preProject
		ExternalLibraries\Telerik\Telerik.WinControls.dll = ExternalLibraries\Telerik\Telerik.WinControls.dll
		ExternalLibraries\Telerik\Telerik.WinControls.GridView.dll = ExternalLibraries\Telerik\Telerik.WinControls.GridView.dll
		ExternalLibraries\Telerik\Telerik.WinControls.RadDock.dll = ExternalLibraries\Telerik\Telerik.WinControls.RadDock.dll
		ExternalLibraries\Telerik\Telerik.WinControls.RichTextEditor.dll = ExternalLibraries\Telerik\Telerik.WinControls.RichTextEditor.dll
		ExternalLibraries\Telerik\Telerik.WinControls.Themes.Windows7.dll = ExternalLibraries\Telerik\Telerik.WinControls.Themes.Windows7.dll
		ExternalLibraries\Telerik\Telerik.WinControls.UI.dll = ExternalLibraries\Telerik\Telerik.WinControls.UI.dll
		ExternalLibraries\Telerik\TelerikCommon.dll = ExternalLibraries\Telerik\TelerikCommon.dll
	EndProjectSection
EndProject
Project("{2150E333-8FDC-42A3-9474-1A3956D46DE8}") = "DevExpress", "DevExpress", "{01112CD7-DFF6-4B42-8867-E4149897C509}"
	ProjectSection(SolutionItems) = preProject
		ExternalLibraries\DevExpress\DevExpress.Data.v16.1.dll = ExternalLibraries\DevExpress\DevExpress.Data.v16.1.dll
		ExternalLibraries\DevExpress\DevExpress.Pdf.v16.1.Core.dll = ExternalLibraries\DevExpress\DevExpress.Pdf.v16.1.Core.dll
		ExternalLibraries\DevExpress\DevExpress.Printing.v16.1.Core.dll = ExternalLibraries\DevExpress\DevExpress.Printing.v16.1.Core.dll
		ExternalLibraries\DevExpress\DevExpress.Sparkline.v16.1.Core.dll = ExternalLibraries\DevExpress\DevExpress.Sparkline.v16.1.Core.dll
		ExternalLibraries\DevExpress\DevExpress.Utils.v16.1.dll = ExternalLibraries\DevExpress\DevExpress.Utils.v16.1.dll
		ExternalLibraries\DevExpress\DevExpress.XtraEditors.v16.1.dll = ExternalLibraries\DevExpress\DevExpress.XtraEditors.v16.1.dll
	EndProjectSection
EndProject
Project("{FAE04EC0-301F-11D3-BF4B-00C04F79EFBC}") = "TableOcrExtractor.OCR", "TableOcrExtractor.OCR\TableOcrExtractor.OCR.csproj", "{50B20A14-86DD-49AC-AD02-098C0F1C75EA}"
EndProject
Project("{2150E333-8FDC-42A3-9474-1A3956D46DE8}") = "ApplicationStartupPack", "ApplicationStartupPack", "{91D880E4-772E-4EF3-A81A-DDC3D8FF2141}"
EndProject
Project("{2150E333-8FDC-42A3-9474-1A3956D46DE8}") = "Tesseract languages", "Tesseract languages", "{F227832E-8F1A-4D3F-9DB8-9EF34B37068E}"
EndProject
Project("{2150E333-8FDC-42A3-9474-1A3956D46DE8}") = "tessdata", "tessdata", "{0904AE32-1431-46E1-9D11-ABA95144C134}"
	ProjectSection(SolutionItems) = preProject
		ApplicationStartupPack\Tesseract languages\tessdata\eng.cube.bigrams = ApplicationStartupPack\Tesseract languages\tessdata\eng.cube.bigrams
		ApplicationStartupPack\Tesseract languages\tessdata\eng.cube.fold = ApplicationStartupPack\Tesseract languages\tessdata\eng.cube.fold
		ApplicationStartupPack\Tesseract languages\tessdata\eng.cube.lm = ApplicationStartupPack\Tesseract languages\tessdata\eng.cube.lm
		ApplicationStartupPack\Tesseract languages\tessdata\eng.cube.nn = ApplicationStartupPack\Tesseract languages\tessdata\eng.cube.nn
		ApplicationStartupPack\Tesseract languages\tessdata\eng.cube.params = ApplicationStartupPack\Tesseract languages\tessdata\eng.cube.params
		ApplicationStartupPack\Tesseract languages\tessdata\eng.cube.size = ApplicationStartupPack\Tesseract languages\tessdata\eng.cube.size
		ApplicationStartupPack\Tesseract languages\tessdata\eng.cube.word-freq = ApplicationStartupPack\Tesseract languages\tessdata\eng.cube.word-freq
		ApplicationStartupPack\Tesseract languages\tessdata\eng.tesseract_cube.nn = ApplicationStartupPack\Tesseract languages\tessdata\eng.tesseract_cube.nn
		ApplicationStartupPack\Tesseract languages\tessdata\eng.traineddata = ApplicationStartupPack\Tesseract languages\tessdata\eng.traineddata
		ApplicationStartupPack\Tesseract languages\tessdata\rus.cube.fold = ApplicationStartupPack\Tesseract languages\tessdata\rus.cube.fold
		ApplicationStartupPack\Tesseract languages\tessdata\rus.cube.lm = ApplicationStartupPack\Tesseract languages\tessdata\rus.cube.lm
		ApplicationStartupPack\Tesseract languages\tessdata\rus.cube.nn = ApplicationStartupPack\Tesseract languages\tessdata\rus.cube.nn
		ApplicationStartupPack\Tesseract languages\tessdata\rus.cube.params = ApplicationStartupPack\Tesseract languages\tessdata\rus.cube.params
		ApplicationStartupPack\Tesseract languages\tessdata\rus.cube.size = ApplicationStartupPack\Tesseract languages\tessdata\rus.cube.size
		ApplicationStartupPack\Tesseract languages\tessdata\rus.cube.word-freq = ApplicationStartupPack\Tesseract languages\tessdata\rus.cube.word-freq
		ApplicationStartupPack\Tesseract languages\tessdata\rus.traineddata = ApplicationStartupPack\Tesseract languages\tessdata\rus.traineddata
	EndProjectSection
EndProject
Project("{2150E333-8FDC-42A3-9474-1A3956D46DE8}") = "Tesseract", "Tesseract", "{21B8CEB4-D245-47AB-A57C-FAB9C5D5752E}"
EndProject
Project("{2150E333-8FDC-42A3-9474-1A3956D46DE8}") = "x86", "x86", "{93276106-1535-49F6-BD35-C072A46961BD}"
	ProjectSection(SolutionItems) = preProject
		ApplicationStartupPack\Tesseract\x86\liblept172.dll = ApplicationStartupPack\Tesseract\x86\liblept172.dll
		ApplicationStartupPack\Tesseract\x86\libtesseract304.dll = ApplicationStartupPack\Tesseract\x86\libtesseract304.dll
	EndProjectSection
EndProject
Project("{2150E333-8FDC-42A3-9474-1A3956D46DE8}") = "x64", "x64", "{34355DD0-809A-469B-A811-1E5AB4AC9049}"
	ProjectSection(SolutionItems) = preProject
		ApplicationStartupPack\Tesseract\x64\liblept172.dll = ApplicationStartupPack\Tesseract\x64\liblept172.dll
		ApplicationStartupPack\Tesseract\x64\libtesseract304.dll = ApplicationStartupPack\Tesseract\x64\libtesseract304.dll
	EndProjectSection
EndProject
Global
	GlobalSection(SolutionConfigurationPlatforms) = preSolution
		Debug|Any CPU = Debug|Any CPU
		Release|Any CPU = Release|Any CPU
	EndGlobalSection
	GlobalSection(ProjectConfigurationPlatforms) = postSolution
		{74340EA0-BE48-4B6A-B96B-69D854D1A7B3}.Debug|Any CPU.ActiveCfg = Debug|Any CPU
		{74340EA0-BE48-4B6A-B96B-69D854D1A7B3}.Debug|Any CPU.Build.0 = Debug|Any CPU
		{74340EA0-BE48-4B6A-B96B-69D854D1A7B3}.Release|Any CPU.ActiveCfg = Release|Any CPU
		{74340EA0-BE48-4B6A-B96B-69D854D1A7B3}.Release|Any CPU.Build.0 = Release|Any CPU
		{7E611474-2B35-467A-9BE6-6C8CE9659F81}.Debug|Any CPU.ActiveCfg = Debug|Any CPU
		{7E611474-2B35-467A-9BE6-6C8CE9659F81}.Debug|Any CPU.Build.0 = Debug|Any CPU
		{7E611474-2B35-467A-9BE6-6C8CE9659F81}.Release|Any CPU.ActiveCfg = Release|Any CPU
		{7E611474-2B35-467A-9BE6-6C8CE9659F81}.Release|Any CPU.Build.0 = Release|Any CPU
		{02137CF2-364A-4A5D-A23D-C1B1E861F515}.Debug|Any CPU.ActiveCfg = Debug|Any CPU
		{02137CF2-364A-4A5D-A23D-C1B1E861F515}.Debug|Any CPU.Build.0 = Debug|Any CPU
		{02137CF2-364A-4A5D-A23D-C1B1E861F515}.Release|Any CPU.ActiveCfg = Release|Any CPU
		{02137CF2-364A-4A5D-A23D-C1B1E861F515}.Release|Any CPU.Build.0 = Release|Any CPU
		{06B1D2BD-BDA4-459A-A5A8-0E8F967F7F46}.Debug|Any CPU.ActiveCfg = Debug|Any CPU
		{06B1D2BD-BDA4-459A-A5A8-0E8F967F7F46}.Debug|Any CPU.Build.0 = Debug|Any CPU
		{06B1D2BD-BDA4-459A-A5A8-0E8F967F7F46}.Release|Any CPU.ActiveCfg = Release|Any CPU
		{06B1D2BD-BDA4-459A-A5A8-0E8F967F7F46}.Release|Any CPU.Build.0 = Release|Any CPU
		{50B20A14-86DD-49AC-AD02-098C0F1C75EA}.Debug|Any CPU.ActiveCfg = Debug|Any CPU
		{50B20A14-86DD-49AC-AD02-098C0F1C75EA}.Debug|Any CPU.Build.0 = Debug|Any CPU
		{50B20A14-86DD-49AC-AD02-098C0F1C75EA}.Release|Any CPU.ActiveCfg = Release|Any CPU
		{50B20A14-86DD-49AC-AD02-098C0F1C75EA}.Release|Any CPU.Build.0 = Release|Any CPU
	EndGlobalSection
	GlobalSection(SolutionProperties) = preSolution
		HideSolutionNode = FALSE
	EndGlobalSection
	GlobalSection(NestedProjects) = preSolution
		{7C0B33E4-7B41-4BDB-A532-E876E7BEFC85} = {06BB8B52-999B-4048-83C9-6C1D8294E8E7}
		{06B1D2BD-BDA4-459A-A5A8-0E8F967F7F46} = {84D7AA8F-BD89-4201-9764-E28F61F333A1}
		{330E1B0F-6A97-4A40-809D-AEB372B6FF73} = {06BB8B52-999B-4048-83C9-6C1D8294E8E7}
		{01112CD7-DFF6-4B42-8867-E4149897C509} = {06BB8B52-999B-4048-83C9-6C1D8294E8E7}
		{F227832E-8F1A-4D3F-9DB8-9EF34B37068E} = {91D880E4-772E-4EF3-A81A-DDC3D8FF2141}
		{0904AE32-1431-46E1-9D11-ABA95144C134} = {F227832E-8F1A-4D3F-9DB8-9EF34B37068E}
		{21B8CEB4-D245-47AB-A57C-FAB9C5D5752E} = {91D880E4-772E-4EF3-A81A-DDC3D8FF2141}
		{93276106-1535-49F6-BD35-C072A46961BD} = {21B8CEB4-D245-47AB-A57C-FAB9C5D5752E}
		{34355DD0-809A-469B-A811-1E5AB4AC9049} = {21B8CEB4-D245-47AB-A57C-FAB9C5D5752E}
	EndGlobalSection
	GlobalSection(ExtensibilityGlobals) = postSolution
		SolutionGuid = {35EF4B95-7A0F-4BA4-8DFF-635E71F9FEA2}
	EndGlobalSection
EndGlobal
